
Microsoft Visual Studio Solution File, Format Version 12.00
# Visual Studio 15
Project("{FAE04EC0-301F-11D3-BF4B-00C04F79EFBC}") = "Assembly-CSharp", "Assembly-CSharp.csproj", "{3DBD7A7C-22B0-D6E2-63C0-90E42DA7D59A}"
EndProject
Project("{FAE04EC0-301F-11D3-BF4B-00C04F79EFBC}") = "Assembly-CSharp-Editor", "Assembly-CSharp-Editor.csproj", "{930D2884-DF20-B303-E238-7C4ED24B8FA1}"
EndProject
Global
	GlobalSection(SolutionConfigurationPlatforms) = preSolution
		Debug|Any CPU = Debug|Any CPU
		Release|Any CPU = Release|Any CPU
	EndGlobalSection
	GlobalSection(ProjectConfigurationPlatforms) = postSolution
		{3DBD7A7C-22B0-D6E2-63C0-90E42DA7D59A}.Debug|Any CPU.ActiveCfg = Debug|Any CPU
		{3DBD7A7C-22B0-D6E2-63C0-90E42DA7D59A}.Debug|Any CPU.Build.0 = Debug|Any CPU
		{3DBD7A7C-22B0-D6E2-63C0-90E42DA7D59A}.Release|Any CPU.ActiveCfg = Release|Any CPU
		{3DBD7A7C-22B0-D6E2-63C0-90E42DA7D59A}.Release|Any CPU.Build.0 = Release|Any CPU
		{930D2884-DF20-B303-E238-7C4ED24B8FA1}.Debug|Any CPU.ActiveCfg = Debug|Any CPU
		{930D2884-DF20-B303-E238-7C4ED24B8FA1}.Debug|Any CPU.Build.0 = Debug|Any CPU
		{930D2884-DF20-B303-E238-7C4ED24B8FA1}.Release|Any CPU.ActiveCfg = Release|Any CPU
		{930D2884-DF20-B303-E238-7C4ED24B8FA1}.Release|Any CPU.Build.0 = Release|Any CPU
	EndGlobalSection
	GlobalSection(SolutionProperties) = preSolution
		HideSolutionNode = FALSE
	EndGlobalSection
EndGlobal
